// !$*UTF8*$!
{
	archiveVersion = 1;
	classes = {
	};
	objectVersion = 55;
	objects = {

/* Begin PBXBuildFile section */
		0957F925287185BB0094A585 /* AppDelegate.m in Sources */ = {isa = PBXBuildFile; fileRef = 0957F924287185BB0094A585 /* AppDelegate.m */; };
		0957F928287185BB0094A585 /* SceneDelegate.m in Sources */ = {isa = PBXBuildFile; fileRef = 0957F927287185BB0094A585 /* SceneDelegate.m */; };
		0957F92B287185BB0094A585 /* ViewController.m in Sources */ = {isa = PBXBuildFile; fileRef = 0957F92A287185BB0094A585 /* ViewController.m */; };
		0957F92E287185BB0094A585 /* Main.storyboard in Resources */ = {isa = PBXBuildFile; fileRef = 0957F92C287185BB0094A585 /* Main.storyboard */; };
		0957F930287185BD0094A585 /* Assets.xcassets in Resources */ = {isa = PBXBuildFile; fileRef = 0957F92F287185BD0094A585 /* Assets.xcassets */; };
		0957F933287185BD0094A585 /* LaunchScreen.storyboard in Resources */ = {isa = PBXBuildFile; fileRef = 0957F931287185BD0094A585 /* LaunchScreen.storyboard */; };
		0957F936287185BD0094A585 /* main.m in Sources */ = {isa = PBXBuildFile; fileRef = 0957F935287185BD0094A585 /* main.m */; };
		0957F940287185BE0094A585 /* MyServiceTests.m in Sources */ = {isa = PBXBuildFile; fileRef = 0957F93F287185BE0094A585 /* MyServiceTests.m */; };
		0957F94A287185BE0094A585 /* MyServiceUITests.m in Sources */ = {isa = PBXBuildFile; fileRef = 0957F949287185BE0094A585 /* MyServiceUITests.m */; };
		0957F94C287185BE0094A585 /* MyServiceUITestsLaunchTests.m in Sources */ = {isa = PBXBuildFile; fileRef = 0957F94B287185BE0094A585 /* MyServiceUITestsLaunchTests.m */; };
		0957F95A287188D70094A585 /* ServiceTools.m in Sources */ = {isa = PBXBuildFile; fileRef = 0957F958287188D70094A585 /* ServiceTools.m */; };
		0988979D28B0D7AE0024CEF3 /* UploadData.m in Sources */ = {isa = PBXBuildFile; fileRef = 0988979C28B0D7AE0024CEF3 /* UploadData.m */; };
/* End PBXBuildFile section */

/* Begin PBXContainerItemProxy section */
		0957F93C287185BE0094A585 /* PBXContainerItemProxy */ = {
			isa = PBXContainerItemProxy;
			containerPortal = 0957F918287185BB0094A585 /* Project object */;
			proxyType = 1;
			remoteGlobalIDString = 0957F91F287185BB0094A585;
			remoteInfo = MyService;
		};
		0957F946287185BE0094A585 /* PBXContainerItemProxy */ = {
			isa = PBXContainerItemProxy;
			containerPortal = 0957F918287185BB0094A585 /* Project object */;
			proxyType = 1;
			remoteGlobalIDString = 0957F91F287185BB0094A585;
			remoteInfo = MyService;
		};
/* End PBXContainerItemProxy section */

/* Begin PBXFileReference section */
		0957F920287185BB0094A585 /* MyService.app */ = {isa = PBXFileReference; explicitFileType = wrapper.application; includeInIndex = 0; path = MyService.app; sourceTree = BUILT_PRODUCTS_DIR; };
		0957F923287185BB0094A585 /* AppDelegate.h */ = {isa = PBXFileReference; lastKnownFileType = sourcecode.c.h; path = AppDelegate.h; sourceTree = "<group>"; };
		0957F924287185BB0094A585 /* AppDelegate.m */ = {isa = PBXFileReference; lastKnownFileType = sourcecode.c.objc; path = AppDelegate.m; sourceTree = "<group>"; };
		0957F926287185BB0094A585 /* SceneDelegate.h */ = {isa = PBXFileReference; lastKnownFileType = sourcecode.c.h; path = SceneDelegate.h; sourceTree = "<group>"; };
		0957F927287185BB0094A585 /* SceneDelegate.m */ = {isa = PBXFileReference; lastKnownFileType = sourcecode.c.objc; path = SceneDelegate.m; sourceTree = "<group>"; };
		0957F929287185BB0094A585 /* ViewController.h */ = {isa = PBXFileReference; lastKnownFileType = sourcecode.c.h; path = ViewController.h; sourceTree = "<group>"; };
		0957F92A287185BB0094A585 /* ViewController.m */ = {isa = PBXFileReference; lastKnownFileType = sourcecode.c.objc; path = ViewController.m; sourceTree = "<group>"; };
		0957F92D287185BB0094A585 /* Base */ = {isa = PBXFileReference; lastKnownFileType = file.storyboard; name = Base; path = Base.lproj/Main.storyboard; sourceTree = "<group>"; };
		0957F92F287185BD0094A585 /* Assets.xcassets */ = {isa = PBXFileReference; lastKnownFileType = folder.assetcatalog; path = Assets.xcassets; sourceTree = "<group>"; };
		0957F932287185BD0094A585 /* Base */ = {isa = PBXFileReference; lastKnownFileType = file.storyboard; name = Base; path = Base.lproj/LaunchScreen.storyboard; sourceTree = "<group>"; };
		0957F934287185BD0094A585 /* Info.plist */ = {isa = PBXFileReference; lastKnownFileType = text.plist.xml; path = Info.plist; sourceTree = "<group>"; };
		0957F935287185BD0094A585 /* main.m */ = {isa = PBXFileReference; lastKnownFileType = sourcecode.c.objc; path = main.m; sourceTree = "<group>"; };
		0957F93B287185BE0094A585 /* MyServiceTests.xctest */ = {isa = PBXFileReference; explicitFileType = wrapper.cfbundle; includeInIndex = 0; path = MyServiceTests.xctest; sourceTree = BUILT_PRODUCTS_DIR; };
		0957F93F287185BE0094A585 /* MyServiceTests.m */ = {isa = PBXFileReference; lastKnownFileType = sourcecode.c.objc; path = MyServiceTests.m; sourceTree = "<group>"; };
		0957F945287185BE0094A585 /* MyServiceUITests.xctest */ = {isa = PBXFileReference; explicitFileType = wrapper.cfbundle; includeInIndex = 0; path = MyServiceUITests.xctest; sourceTree = BUILT_PRODUCTS_DIR; };
		0957F949287185BE0094A585 /* MyServiceUITests.m */ = {isa = PBXFileReference; lastKnownFileType = sourcecode.c.objc; path = MyServiceUITests.m; sourceTree = "<group>"; };
		0957F94B287185BE0094A585 /* MyServiceUITestsLaunchTests.m */ = {isa = PBXFileReference; lastKnownFileType = sourcecode.c.objc; path = MyServiceUITestsLaunchTests.m; sourceTree = "<group>"; };
		0957F958287188D70094A585 /* ServiceTools.m */ = {isa = PBXFileReference; fileEncoding = 4; lastKnownFileType = sourcecode.c.objc; path = ServiceTools.m; sourceTree = "<group>"; };
		0957F959287188D70094A585 /* ServiceTools.h */ = {isa = PBXFileReference; fileEncoding = 4; lastKnownFileType = sourcecode.c.h; path = ServiceTools.h; sourceTree = "<group>"; };
		0971B1132871C664003C46E6 /* readme.md */ = {isa = PBXFileReference; lastKnownFileType = net.daringfireball.markdown; path = readme.md; sourceTree = "<group>"; };
		0988979B28B0D7AE0024CEF3 /* UploadData.h */ = {isa = PBXFileReference; lastKnownFileType = sourcecode.c.h; path = UploadData.h; sourceTree = "<group>"; };
		0988979C28B0D7AE0024CEF3 /* UploadData.m */ = {isa = PBXFileReference; lastKnownFileType = sourcecode.c.objc; path = UploadData.m; sourceTree = "<group>"; };
		09C37F8F28A7E13000470658 /* result.png */ = {isa = PBXFileReference; lastKnownFileType = image.png; path = result.png; sourceTree = "<group>"; };
/* End PBXFileReference section */

/* Begin PBXFrameworksBuildPhase section */
		0957F91D287185BB0094A585 /* Frameworks */ = {
			isa = PBXFrameworksBuildPhase;
			buildActionMask = 2147483647;
			files = (
			);
			runOnlyForDeploymentPostprocessing = 0;
		};
		0957F938287185BE0094A585 /* Frameworks */ = {
			isa = PBXFrameworksBuildPhase;
			buildActionMask = 2147483647;
			files = (
			);
			runOnlyForDeploymentPostprocessing = 0;
		};
		0957F942287185BE0094A585 /* Frameworks */ = {
			isa = PBXFrameworksBuildPhase;
			buildActionMask = 2147483647;
			files = (
			);
			runOnlyForDeploymentPostprocessing = 0;
		};
/* End PBXFrameworksBuildPhase section */

/* Begin PBXGroup section */
		0957F917287185BB0094A585 = {
			isa = PBXGroup;
			children = (
				0971B1132871C664003C46E6 /* readme.md */,
				09C37F8F28A7E13000470658 /* result.png */,
				0957F922287185BB0094A585 /* MyService */,
				0957F93E287185BE0094A585 /* MyServiceTests */,
				0957F948287185BE0094A585 /* MyServiceUITests */,
				0957F921287185BB0094A585 /* Products */,
			);
			sourceTree = "<group>";
		};
		0957F921287185BB0094A585 /* Products */ = {
			isa = PBXGroup;
			children = (
				0957F920287185BB0094A585 /* MyService.app */,
				0957F93B287185BE0094A585 /* MyServiceTests.xctest */,
				0957F945287185BE0094A585 /* MyServiceUITests.xctest */,
			);
			name = Products;
			sourceTree = "<group>";
		};
		0957F922287185BB0094A585 /* MyService */ = {
			isa = PBXGroup;
			children = (
				0957F959287188D70094A585 /* ServiceTools.h */,
				0957F958287188D70094A585 /* ServiceTools.m */,
				0957F923287185BB0094A585 /* AppDelegate.h */,
				0957F924287185BB0094A585 /* AppDelegate.m */,
				0957F926287185BB0094A585 /* SceneDelegate.h */,
				0957F927287185BB0094A585 /* SceneDelegate.m */,
				0957F929287185BB0094A585 /* ViewController.h */,
				0957F92A287185BB0094A585 /* ViewController.m */,
				0957F92C287185BB0094A585 /* Main.storyboard */,
				0957F92F287185BD0094A585 /* Assets.xcassets */,
				0957F931287185BD0094A585 /* LaunchScreen.storyboard */,
				0957F934287185BD0094A585 /* Info.plist */,
				0957F935287185BD0094A585 /* main.m */,
				0988979B28B0D7AE0024CEF3 /* UploadData.h */,
				0988979C28B0D7AE0024CEF3 /* UploadData.m */,
			);
			path = MyService;
			sourceTree = "<group>";
		};
		0957F93E287185BE0094A585 /* MyServiceTests */ = {
			isa = PBXGroup;
			children = (
				0957F93F287185BE0094A585 /* MyServiceTests.m */,
			);
			path = MyServiceTests;
			sourceTree = "<group>";
		};
		0957F948287185BE0094A585 /* MyServiceUITests */ = {
			isa = PBXGroup;
			children = (
				0957F949287185BE0094A585 /* MyServiceUITests.m */,
				0957F94B287185BE0094A585 /* MyServiceUITestsLaunchTests.m */,
			);
			path = MyServiceUITests;
			sourceTree = "<group>";
		};
/* End PBXGroup section */

/* Begin PBXNativeTarget section */
		0957F91F287185BB0094A585 /* MyService */ = {
			isa = PBXNativeTarget;
			buildConfigurationList = 0957F94F287185BE0094A585 /* Build configuration list for PBXNativeTarget "MyService" */;
			buildPhases = (
				0957F91C287185BB0094A585 /* Sources */,
				0957F91D287185BB0094A585 /* Frameworks */,
				0957F91E287185BB0094A585 /* Resources */,
			);
			buildRules = (
			);
			dependencies = (
			);
			name = MyService;
			productName = MyService;
			productReference = 0957F920287185BB0094A585 /* MyService.app */;
			productType = "com.apple.product-type.application";
		};
		0957F93A287185BE0094A585 /* MyServiceTests */ = {
			isa = PBXNativeTarget;
			buildConfigurationList = 0957F952287185BE0094A585 /* Build configuration list for PBXNativeTarget "MyServiceTests" */;
			buildPhases = (
				0957F937287185BE0094A585 /* Sources */,
				0957F938287185BE0094A585 /* Frameworks */,
				0957F939287185BE0094A585 /* Resources */,
			);
			buildRules = (
			);
			dependencies = (
				0957F93D287185BE0094A585 /* PBXTargetDependency */,
			);
			name = MyServiceTests;
			productName = MyServiceTests;
			productReference = 0957F93B287185BE0094A585 /* MyServiceTests.xctest */;
			productType = "com.apple.product-type.bundle.unit-test";
		};
		0957F944287185BE0094A585 /* MyServiceUITests */ = {
			isa = PBXNativeTarget;
			buildConfigurationList = 0957F955287185BE0094A585 /* Build configuration list for PBXNativeTarget "MyServiceUITests" */;
			buildPhases = (
				0957F941287185BE0094A585 /* Sources */,
				0957F942287185BE0094A585 /* Frameworks */,
				0957F943287185BE0094A585 /* Resources */,
			);
			buildRules = (
			);
			dependencies = (
				0957F947287185BE0094A585 /* PBXTargetDependency */,
			);
			name = MyServiceUITests;
			productName = MyServiceUITests;
			productReference = 0957F945287185BE0094A585 /* MyServiceUITests.xctest */;
			productType = "com.apple.product-type.bundle.ui-testing";
		};
/* End PBXNativeTarget section */

/* Begin PBXProject section */
		0957F918287185BB0094A585 /* Project object */ = {
			isa = PBXProject;
			attributes = {
				BuildIndependentTargetsInParallel = 1;
				LastUpgradeCheck = 1340;
				TargetAttributes = {
					0957F91F287185BB0094A585 = {
						CreatedOnToolsVersion = 13.4.1;
					};
					0957F93A287185BE0094A585 = {
						CreatedOnToolsVersion = 13.4.1;
						TestTargetID = 0957F91F287185BB0094A585;
					};
					0957F944287185BE0094A585 = {
						CreatedOnToolsVersion = 13.4.1;
						TestTargetID = 0957F91F287185BB0094A585;
					};
				};
			};
			buildConfigurationList = 0957F91B287185BB0094A585 /* Build configuration list for PBXProject "MyService" */;
			compatibilityVersion = "Xcode 13.0";
			developmentRegion = en;
			hasScannedForEncodings = 0;
			knownRegions = (
				en,
				Base,
			);
			mainGroup = 0957F917287185BB0094A585;
			productRefGroup = 0957F921287185BB0094A585 /* Products */;
			projectDirPath = "";
			projectRoot = "";
			targets = (
				0957F91F287185BB0094A585 /* MyService */,
				0957F93A287185BE0094A585 /* MyServiceTests */,
				0957F944287185BE0094A585 /* MyServiceUITests */,
			);
		};
/* End PBXProject section */

/* Begin PBXResourcesBuildPhase section */
		0957F91E287185BB0094A585 /* Resources */ = {
			isa = PBXResourcesBuildPhase;
			buildActionMask = 2147483647;
			files = (
				0957F933287185BD0094A585 /* LaunchScreen.storyboard in Resources */,
				0957F930287185BD0094A585 /* Assets.xcassets in Resources */,
				0957F92E287185BB0094A585 /* Main.storyboard in Resources */,
			);
			runOnlyForDeploymentPostprocessing = 0;
		};
		0957F939287185BE0094A585 /* Resources */ = {
			isa = PBXResourcesBuildPhase;
			buildActionMask = 2147483647;
			files = (
			);
			runOnlyForDeploymentPostprocessing = 0;
		};
		0957F943287185BE0094A585 /* Resources */ = {
			isa = PBXResourcesBuildPhase;
			buildActionMask = 2147483647;
			files = (
			);
			runOnlyForDeploymentPostprocessing = 0;
		};
/* End PBXResourcesBuildPhase section */

/* Begin PBXSourcesBuildPhase section */
		0957F91C287185BB0094A585 /* Sources */ = {
			isa = PBXSourcesBuildPhase;
			buildActionMask = 2147483647;
			files = (
				0957F95A287188D70094A585 /* ServiceTools.m in Sources */,
				0957F92B287185BB0094A585 /* ViewController.m in Sources */,
				0957F925287185BB0094A585 /* AppDelegate.m in Sources */,
				0957F936287185BD0094A585 /* main.m in Sources */,
				0988979D28B0D7AE0024CEF3 /* UploadData.m in Sources */,
				0957F928287185BB0094A585 /* SceneDelegate.m in Sources */,
			);
			runOnlyForDeploymentPostprocessing = 0;
		};
		0957F937287185BE0094A585 /* Sources */ = {
			isa = PBXSourcesBuildPhase;
			buildActionMask = 2147483647;
			files = (
				0957F940287185BE0094A585 /* MyServiceTests.m in Sources */,
			);
			runOnlyForDeploymentPostprocessing = 0;
		};
		0957F941287185BE0094A585 /* Sources */ = {
			isa = PBXSourcesBuildPhase;
			buildActionMask = 2147483647;
			files = (
				0957F94C287185BE0094A585 /* MyServiceUITestsLaunchTests.m in Sources */,
				0957F94A287185BE0094A585 /* MyServiceUITests.m in Sources */,
			);
			runOnlyForDeploymentPostprocessing = 0;
		};
/* End PBXSourcesBuildPhase section */

/* Begin PBXTargetDependency section */
		0957F93D287185BE0094A585 /* PBXTargetDependency */ = {
			isa = PBXTargetDependency;
			target = 0957F91F287185BB0094A585 /* MyService */;
			targetProxy = 0957F93C287185BE0094A585 /* PBXContainerItemProxy */;
		};
		0957F947287185BE0094A585 /* PBXTargetDependency */ = {
			isa = PBXTargetDependency;
			target = 0957F91F287185BB0094A585 /* MyService */;
			targetProxy = 0957F946287185BE0094A585 /* PBXContainerItemProxy */;
		};
/* End PBXTargetDependency section */

/* Begin PBXVariantGroup section */
		0957F92C287185BB0094A585 /* Main.storyboard */ = {
			isa = PBXVariantGroup;
			children = (
				0957F92D287185BB0094A585 /* Base */,
			);
			name = Main.storyboard;
			sourceTree = "<group>";
		};
		0957F931287185BD0094A585 /* LaunchScreen.storyboard */ = {
			isa = PBXVariantGroup;
			children = (
				0957F932287185BD0094A585 /* Base */,
			);
			name = LaunchScreen.storyboard;
			sourceTree = "<group>";
		};
/* End PBXVariantGroup section */

/* Begin XCBuildConfiguration section */
		0957F94D287185BE0094A585 /* Debug */ = {
			isa = XCBuildConfiguration;
			buildSettings = {
				ALWAYS_SEARCH_USER_PATHS = NO;
				CLANG_ANALYZER_NONNULL = YES;
				CLANG_ANALYZER_NUMBER_OBJECT_CONVERSION = YES_AGGRESSIVE;
				CLANG_CXX_LANGUAGE_STANDARD = "gnu++17";
				CLANG_ENABLE_MODULES = YES;
				CLANG_ENABLE_OBJC_ARC = YES;
				CLANG_ENABLE_OBJC_WEAK = YES;
				CLANG_WARN_BLOCK_CAPTURE_AUTORELEASING = YES;
				CLANG_WARN_BOOL_CONVERSION = YES;
				CLANG_WARN_COMMA = YES;
				CLANG_WARN_CONSTANT_CONVERSION = YES;
				CLANG_WARN_DEPRECATED_OBJC_IMPLEMENTATIONS = YES;
				CLANG_WARN_DIRECT_OBJC_ISA_USAGE = YES_ERROR;
				CLANG_WARN_DOCUMENTATION_COMMENTS = YES;
				CLANG_WARN_EMPTY_BODY = YES;
				CLANG_WARN_ENUM_CONVERSION = YES;
				CLANG_WARN_INFINITE_RECURSION = YES;
				CLANG_WARN_INT_CONVERSION = YES;
				CLANG_WARN_NON_LITERAL_NULL_CONVERSION = YES;
				CLANG_WARN_OBJC_IMPLICIT_RETAIN_SELF = YES;
				CLANG_WARN_OBJC_LITERAL_CONVERSION = YES;
				CLANG_WARN_OBJC_ROOT_CLASS = YES_ERROR;
				CLANG_WARN_QUOTED_INCLUDE_IN_FRAMEWORK_HEADER = YES;
				CLANG_WARN_RANGE_LOOP_ANALYSIS = YES;
				CLANG_WARN_STRICT_PROTOTYPES = YES;
				CLANG_WARN_SUSPICIOUS_MOVE = YES;
				CLANG_WARN_UNGUARDED_AVAILABILITY = YES_AGGRESSIVE;
				CLANG_WARN_UNREACHABLE_CODE = YES;
				CLANG_WARN__DUPLICATE_METHOD_MATCH = YES;
				COPY_PHASE_STRIP = NO;
				DEBUG_INFORMATION_FORMAT = dwarf;
				ENABLE_STRICT_OBJC_MSGSEND = YES;
				ENABLE_TESTABILITY = YES;
				GCC_C_LANGUAGE_STANDARD = gnu11;
				GCC_DYNAMIC_NO_PIC = NO;
				GCC_NO_COMMON_BLOCKS = YES;
				GCC_OPTIMIZATION_LEVEL = 0;
				GCC_PREPROCESSOR_DEFINITIONS = (
					"DEBUG=1",
					"$(inherited)",
				);
				GCC_WARN_64_TO_32_BIT_CONVERSION = YES;
				GCC_WARN_ABOUT_RETURN_TYPE = YES_ERROR;
				GCC_WARN_UNDECLARED_SELECTOR = YES;
				GCC_WARN_UNINITIALIZED_AUTOS = YES_AGGRESSIVE;
				GCC_WARN_UNUSED_FUNCTION = YES;
				GCC_WARN_UNUSED_VARIABLE = YES;
				IPHONEOS_DEPLOYMENT_TARGET = 15.5;
				MTL_ENABLE_DEBUG_INFO = INCLUDE_SOURCE;
				MTL_FAST_MATH = YES;
				ONLY_ACTIVE_ARCH = YES;
				SDKROOT = iphoneos;
			};
			name = Debug;
		};
		0957F94E287185BE0094A585 /* Release */ = {
			isa = XCBuildConfiguration;
			buildSettings = {
				ALWAYS_SEARCH_USER_PATHS = NO;
				CLANG_ANALYZER_NONNULL = YES;
				CLANG_ANALYZER_NUMBER_OBJECT_CONVERSION = YES_AGGRESSIVE;
				CLANG_CXX_LANGUAGE_STANDARD = "gnu++17";
				CLANG_ENABLE_MODULES = YES;
				CLANG_ENABLE_OBJC_ARC = YES;
				CLANG_ENABLE_OBJC_WEAK = YES;
				CLANG_WARN_BLOCK_CAPTURE_AUTORELEASING = YES;
				CLANG_WARN_BOOL_CONVERSION = YES;
				CLANG_WARN_COMMA = YES;
				CLANG_WARN_CONSTANT_CONVERSION = YES;
				CLANG_WARN_DEPRECATED_OBJC_IMPLEMENTATIONS = YES;
				CLANG_WARN_DIRECT_OBJC_ISA_USAGE = YES_ERROR;
				CLANG_WARN_DOCUMENTATION_COMMENTS = YES;
				CLANG_WARN_EMPTY_BODY = YES;
				CLANG_WARN_ENUM_CONVERSION = YES;
				CLANG_WARN_INFINITE_RECURSION = YES;
				CLANG_WARN_INT_CONVERSION = YES;
				CLANG_WARN_NON_LITERAL_NULL_CONVERSION = YES;
				CLANG_WARN_OBJC_IMPLICIT_RETAIN_SELF = YES;
				CLANG_WARN_OBJC_LITERAL_CONVERSION = YES;
				CLANG_WARN_OBJC_ROOT_CLASS = YES_ERROR;
				CLANG_WARN_QUOTED_INCLUDE_IN_FRAMEWORK_HEADER = YES;
				CLANG_WARN_RANGE_LOOP_ANALYSIS = YES;
				CLANG_WARN_STRICT_PROTOTYPES = YES;
				CLANG_WARN_SUSPICIOUS_MOVE = YES;
				CLANG_WARN_UNGUARDED_AVAILABILITY = YES_AGGRESSIVE;
				CLANG_WARN_UNREACHABLE_CODE = YES;
				CLANG_WARN__DUPLICATE_METHOD_MATCH = YES;
				COPY_PHASE_STRIP = NO;
				DEBUG_INFORMATION_FORMAT = "dwarf-with-dsym";
				ENABLE_NS_ASSERTIONS = NO;
				ENABLE_STRICT_OBJC_MSGSEND = YES;
				GCC_C_LANGUAGE_STANDARD = gnu11;
				GCC_NO_COMMON_BLOCKS = YES;
				GCC_WARN_64_TO_32_BIT_CONVERSION = YES;
				GCC_WARN_ABOUT_RETURN_TYPE = YES_ERROR;
				GCC_WARN_UNDECLARED_SELECTOR = YES;
				GCC_WARN_UNINITIALIZED_AUTOS = YES_AGGRESSIVE;
				GCC_WARN_UNUSED_FUNCTION = YES;
				GCC_WARN_UNUSED_VARIABLE = YES;
				IPHONEOS_DEPLOYMENT_TARGET = 15.5;
				MTL_ENABLE_DEBUG_INFO = NO;
				MTL_FAST_MATH = YES;
				SDKROOT = iphoneos;
				VALIDATE_PRODUCT = YES;
			};
			name = Release;
		};
		0957F950287185BE0094A585 /* Debug */ = {
			isa = XCBuildConfiguration;
			buildSettings = {
				ASSETCATALOG_COMPILER_APPICON_NAME = AppIcon;
				ASSETCATALOG_COMPILER_GLOBAL_ACCENT_COLOR_NAME = AccentColor;
				CODE_SIGN_STYLE = Automatic;
				CURRENT_PROJECT_VERSION = 1;
				DEVELOPMENT_TEAM = 5PWWXC6BKU;
				GENERATE_INFOPLIST_FILE = YES;
				INFOPLIST_FILE = MyService/Info.plist;
				INFOPLIST_KEY_UIApplicationSupportsIndirectInputEvents = YES;
				INFOPLIST_KEY_UILaunchStoryboardName = LaunchScreen;
				INFOPLIST_KEY_UIMainStoryboardFile = Main;
				INFOPLIST_KEY_UISupportedInterfaceOrientations_iPad = "UIInterfaceOrientationPortrait UIInterfaceOrientationPortraitUpsideDown UIInterfaceOrientationLandscapeLeft UIInterfaceOrientationLandscapeRight";
				INFOPLIST_KEY_UISupportedInterfaceOrientations_iPhone = "UIInterfaceOrientationPortrait UIInterfaceOrientationLandscapeLeft UIInterfaceOrientationLandscapeRight";
				IPHONEOS_DEPLOYMENT_TARGET = 14.0;
				LD_RUNPATH_SEARCH_PATHS = (
					"$(inherited)",
					"@executable_path/Frameworks",
				);
				MARKETING_VERSION = 1.0;
				PRODUCT_BUNDLE_IDENTIFIER = ShenTeam.MyService;
				PRODUCT_NAME = "$(TARGET_NAME)";
				SWIFT_EMIT_LOC_STRINGS = YES;
				TARGETED_DEVICE_FAMILY = "1,2";
			};
			name = Debug;
		};
		0957F951287185BE0094A585 /* Release */ = {
			isa = XCBuildConfiguration;
			buildSettings = {
				ASSETCATALOG_COMPILER_APPICON_NAME = AppIcon;
				ASSETCATALOG_COMPILER_GLOBAL_ACCENT_COLOR_NAME = AccentColor;
				CODE_SIGN_STYLE = Automatic;
				CURRENT_PROJECT_VERSION = 1;
				DEVELOPMENT_TEAM = 5PWWXC6BKU;
				GENERATE_INFOPLIST_FILE = YES;
				INFOPLIST_FILE = MyService/Info.plist;
				INFOPLIST_KEY_UIApplicationSupportsIndirectInputEvents = YES;
				INFOPLIST_KEY_UILaunchStoryboardName = LaunchScreen;
				INFOPLIST_KEY_UIMainStoryboardFile = Main;
				INFOPLIST_KEY_UISupportedInterfaceOrientations_iPad = "UIInterfaceOrientationPortrait UIInterfaceOrientationPortraitUpsideDown UIInterfaceOrientationLandscapeLeft UIInterfaceOrientationLandscapeRight";
				INFOPLIST_KEY_UISupportedInterfaceOrientations_iPhone = "UIInterfaceOrientationPortrait UIInterfaceOrientationLandscapeLeft UIInterfaceOrientationLandscapeRight";
				IPHONEOS_DEPLOYMENT_TARGET = 14.0;
				LD_RUNPATH_SEARCH_PATHS = (
					"$(inherited)",
					"@executable_path/Frameworks",
				);
				MARKETING_VERSION = 1.0;
				PRODUCT_BUNDLE_IDENTIFIER = ShenTeam.MyService;
				PRODUCT_NAME = "$(TARGET_NAME)";
				SWIFT_EMIT_LOC_STRINGS = YES;
				TARGETED_DEVICE_FAMILY = "1,2";
			};
			name = Release;
		};
		0957F953287185BE0094A585 /* Debug */ = {
			isa = XCBuildConfiguration;
			buildSettings = {
				BUNDLE_LOADER = "$(TEST_HOST)";
				CODE_SIGN_STYLE = Automatic;
				CURRENT_PROJECT_VERSION = 1;
				DEVELOPMENT_TEAM = 5PWWXC6BKU;
				GENERATE_INFOPLIST_FILE = YES;
				IPHONEOS_DEPLOYMENT_TARGET = 15.5;
				MARKETING_VERSION = 1.0;
				PRODUCT_BUNDLE_IDENTIFIER = ShenTeam.MyServiceTests;
				PRODUCT_NAME = "$(TARGET_NAME)";
				SWIFT_EMIT_LOC_STRINGS = NO;
				TARGETED_DEVICE_FAMILY = "1,2";
				TEST_HOST = "$(BUILT_PRODUCTS_DIR)/MyService.app/MyService";
			};
			name = Debug;
		};
		0957F954287185BE0094A585 /* Release */ = {
			isa = XCBuildConfiguration;
			buildSettings = {
				BUNDLE_LOADER = "$(TEST_HOST)";
				CODE_SIGN_STYLE = Automatic;
				CURRENT_PROJECT_VERSION = 1;
				DEVELOPMENT_TEAM = 5PWWXC6BKU;
				GENERATE_INFOPLIST_FILE = YES;
				IPHONEOS_DEPLOYMENT_TARGET = 15.5;
				MARKETING_VERSION = 1.0;
				PRODUCT_BUNDLE_IDENTIFIER = ShenTeam.MyServiceTests;
				PRODUCT_NAME = "$(TARGET_NAME)";
				SWIFT_EMIT_LOC_STRINGS = NO;
				TARGETED_DEVICE_FAMILY = "1,2";
				TEST_HOST = "$(BUILT_PRODUCTS_DIR)/MyService.app/MyService";
			};
			name = Release;
		};
		0957F956287185BE0094A585 /* Debug */ = {
			isa = XCBuildConfiguration;
			buildSettings = {
				CODE_SIGN_STYLE = Automatic;
				CURRENT_PROJECT_VERSION = 1;
				DEVELOPMENT_TEAM = 5PWWXC6BKU;
				GENERATE_INFOPLIST_FILE = YES;
				MARKETING_VERSION = 1.0;
				PRODUCT_BUNDLE_IDENTIFIER = ShenTeam.MyServiceUITests;
				PRODUCT_NAME = "$(TARGET_NAME)";
				SWIFT_EMIT_LOC_STRINGS = NO;
				TARGETED_DEVICE_FAMILY = "1,2";
				TEST_TARGET_NAME = MyService;
			};
			name = Debug;
		};
		0957F957287185BE0094A585 /* Release */ = {
			isa = XCBuildConfiguration;
			buildSettings = {
				CODE_SIGN_STYLE = Automatic;
				CURRENT_PROJECT_VERSION = 1;
				DEVELOPMENT_TEAM = 5PWWXC6BKU;
				GENERATE_INFOPLIST_FILE = YES;
				MARKETING_VERSION = 1.0;
				PRODUCT_BUNDLE_IDENTIFIER = ShenTeam.MyServiceUITests;
				PRODUCT_NAME = "$(TARGET_NAME)";
				SWIFT_EMIT_LOC_STRINGS = NO;
				TARGETED_DEVICE_FAMILY = "1,2";
				TEST_TARGET_NAME = MyService;
			};
			name = Release;
		};
/* End XCBuildConfiguration section */

/* Begin XCConfigurationList section */
		0957F91B287185BB0094A585 /* Build configuration list for PBXProject "MyService" */ = {
			isa = XCConfigurationList;
			buildConfigurations = (
				0957F94D287185BE0094A585 /* Debug */,
				0957F94E287185BE0094A585 /* Release */,
			);
			defaultConfigurationIsVisible = 0;
			defaultConfigurationName = Release;
		};
		0957F94F287185BE0094A585 /* Build configuration list for PBXNativeTarget "MyService" */ = {
			isa = XCConfigurationList;
			buildConfigurations = (
				0957F950287185BE0094A585 /* Debug */,
				0957F951287185BE0094A585 /* Release */,
			);
			defaultConfigurationIsVisible = 0;
			defaultConfigurationName = Release;
		};
		0957F952287185BE0094A585 /* Build configuration list for PBXNativeTarget "MyServiceTests" */ = {
			isa = XCConfigurationList;
			buildConfigurations = (
				0957F953287185BE0094A585 /* Debug */,
				0957F954287185BE0094A585 /* Release */,
			);
			defaultConfigurationIsVisible = 0;
			defaultConfigurationName = Release;
		};
		0957F955287185BE0094A585 /* Build configuration list for PBXNativeTarget "MyServiceUITests" */ = {
			isa = XCConfigurationList;
			buildConfigurations = (
				0957F956287185BE0094A585 /* Debug */,
				0957F957287185BE0094A585 /* Release */,
			);
			defaultConfigurationIsVisible = 0;
			defaultConfigurationName = Release;
		};
/* End XCConfigurationList section */
	};
	rootObject = 0957F918287185BB0094A585 /* Project object */;
}
